// !$*UTF8*$!
{
	archiveVersion = 1;
	classes = {
	};
	objectVersion = 56;
	objects = {

/* Begin PBXBuildFile section */
		BDC729042A8BE9220037C7EB /* CollabTestApp.swift in Sources */ = {isa = PBXBuildFile; fileRef = BDC729032A8BE9220037C7EB /* CollabTestApp.swift */; };
		BDC729062A8BE9220037C7EB /* ContentView.swift in Sources */ = {isa = PBXBuildFile; fileRef = BDC729052A8BE9220037C7EB /* ContentView.swift */; };
		BDC729082A8BE9240037C7EB /* Assets.xcassets in Resources */ = {isa = PBXBuildFile; fileRef = BDC729072A8BE9240037C7EB /* Assets.xcassets */; };
		BDC7290C2A8BE9240037C7EB /* Preview Assets.xcassets in Resources */ = {isa = PBXBuildFile; fileRef = BDC7290B2A8BE9240037C7EB /* Preview Assets.xcassets */; };
		BDC729162A8BE9240037C7EB /* CollabTestTests.swift in Sources */ = {isa = PBXBuildFile; fileRef = BDC729152A8BE9240037C7EB /* CollabTestTests.swift */; };
		BDC729202A8BE9240037C7EB /* CollabTestUITests.swift in Sources */ = {isa = PBXBuildFile; fileRef = BDC7291F2A8BE9240037C7EB /* CollabTestUITests.swift */; };
		BDC729222A8BE9240037C7EB /* CollabTestUITestsLaunchTests.swift in Sources */ = {isa = PBXBuildFile; fileRef = BDC729212A8BE9240037C7EB /* CollabTestUITestsLaunchTests.swift */; };
/* End PBXBuildFile section */

/* Begin PBXContainerItemProxy section */
		BDC729122A8BE9240037C7EB /* PBXContainerItemProxy */ = {
			isa = PBXContainerItemProxy;
			containerPortal = BDC728F82A8BE9220037C7EB /* Project object */;
			proxyType = 1;
			remoteGlobalIDString = BDC728FF2A8BE9220037C7EB;
			remoteInfo = CollabTest;
		};
		BDC7291C2A8BE9240037C7EB /* PBXContainerItemProxy */ = {
			isa = PBXContainerItemProxy;
			containerPortal = BDC728F82A8BE9220037C7EB /* Project object */;
			proxyType = 1;
			remoteGlobalIDString = BDC728FF2A8BE9220037C7EB;
			remoteInfo = CollabTest;
		};
/* End PBXContainerItemProxy section */

/* Begin PBXFileReference section */
		BDC729002A8BE9220037C7EB /* CollabTest.app */ = {isa = PBXFileReference; explicitFileType = wrapper.application; includeInIndex = 0; path = CollabTest.app; sourceTree = BUILT_PRODUCTS_DIR; };
		BDC729032A8BE9220037C7EB /* CollabTestApp.swift */ = {isa = PBXFileReference; lastKnownFileType = sourcecode.swift; path = CollabTestApp.swift; sourceTree = "<group>"; };
		BDC729052A8BE9220037C7EB /* ContentView.swift */ = {isa = PBXFileReference; lastKnownFileType = sourcecode.swift; path = ContentView.swift; sourceTree = "<group>"; };
		BDC729072A8BE9240037C7EB /* Assets.xcassets */ = {isa = PBXFileReference; lastKnownFileType = folder.assetcatalog; path = Assets.xcassets; sourceTree = "<group>"; };
		BDC729092A8BE9240037C7EB /* CollabTest.entitlements */ = {isa = PBXFileReference; lastKnownFileType = text.plist.entitlements; path = CollabTest.entitlements; sourceTree = "<group>"; };
		BDC7290B2A8BE9240037C7EB /* Preview Assets.xcassets */ = {isa = PBXFileReference; lastKnownFileType = folder.assetcatalog; path = "Preview Assets.xcassets"; sourceTree = "<group>"; };
		BDC729112A8BE9240037C7EB /* CollabTestTests.xctest */ = {isa = PBXFileReference; explicitFileType = wrapper.cfbundle; includeInIndex = 0; path = CollabTestTests.xctest; sourceTree = BUILT_PRODUCTS_DIR; };
		BDC729152A8BE9240037C7EB /* CollabTestTests.swift */ = {isa = PBXFileReference; lastKnownFileType = sourcecode.swift; path = CollabTestTests.swift; sourceTree = "<group>"; };
		BDC7291B2A8BE9240037C7EB /* CollabTestUITests.xctest */ = {isa = PBXFileReference; explicitFileType = wrapper.cfbundle; includeInIndex = 0; path = CollabTestUITests.xctest; sourceTree = BUILT_PRODUCTS_DIR; };
		BDC7291F2A8BE9240037C7EB /* CollabTestUITests.swift */ = {isa = PBXFileReference; lastKnownFileType = sourcecode.swift; path = CollabTestUITests.swift; sourceTree = "<group>"; };
		BDC729212A8BE9240037C7EB /* CollabTestUITestsLaunchTests.swift */ = {isa = PBXFileReference; lastKnownFileType = sourcecode.swift; path = CollabTestUITestsLaunchTests.swift; sourceTree = "<group>"; };
/* End PBXFileReference section */

/* Begin PBXFrameworksBuildPhase section */
		BDC728FD2A8BE9220037C7EB /* Frameworks */ = {
			isa = PBXFrameworksBuildPhase;
			buildActionMask = 2147483647;
			files = (
			);
			runOnlyForDeploymentPostprocessing = 0;
		};
		BDC7290E2A8BE9240037C7EB /* Frameworks */ = {
			isa = PBXFrameworksBuildPhase;
			buildActionMask = 2147483647;
			files = (
			);
			runOnlyForDeploymentPostprocessing = 0;
		};
		BDC729182A8BE9240037C7EB /* Frameworks */ = {
			isa = PBXFrameworksBuildPhase;
			buildActionMask = 2147483647;
			files = (
			);
			runOnlyForDeploymentPostprocessing = 0;
		};
/* End PBXFrameworksBuildPhase section */

/* Begin PBXGroup section */
		BDC728F72A8BE9220037C7EB = {
			isa = PBXGroup;
			children = (
				BDC729022A8BE9220037C7EB /* CollabTest */,
				BDC729142A8BE9240037C7EB /* CollabTestTests */,
				BDC7291E2A8BE9240037C7EB /* CollabTestUITests */,
				BDC729012A8BE9220037C7EB /* Products */,
			);
			sourceTree = "<group>";
		};
		BDC729012A8BE9220037C7EB /* Products */ = {
			isa = PBXGroup;
			children = (
				BDC729002A8BE9220037C7EB /* CollabTest.app */,
				BDC729112A8BE9240037C7EB /* CollabTestTests.xctest */,
				BDC7291B2A8BE9240037C7EB /* CollabTestUITests.xctest */,
			);
			name = Products;
			sourceTree = "<group>";
		};
		BDC729022A8BE9220037C7EB /* CollabTest */ = {
			isa = PBXGroup;
			children = (
				BDC729032A8BE9220037C7EB /* CollabTestApp.swift */,
				BDC729052A8BE9220037C7EB /* ContentView.swift */,
				BDC729072A8BE9240037C7EB /* Assets.xcassets */,
				BDC729092A8BE9240037C7EB /* CollabTest.entitlements */,
				BDC7290A2A8BE9240037C7EB /* Preview Content */,
			);
			path = CollabTest;
			sourceTree = "<group>";
		};
		BDC7290A2A8BE9240037C7EB /* Preview Content */ = {
			isa = PBXGroup;
			children = (
				BDC7290B2A8BE9240037C7EB /* Preview Assets.xcassets */,
			);
			path = "Preview Content";
			sourceTree = "<group>";
		};
		BDC729142A8BE9240037C7EB /* CollabTestTests */ = {
			isa = PBXGroup;
			children = (
				BDC729152A8BE9240037C7EB /* CollabTestTests.swift */,
			);
			path = CollabTestTests;
			sourceTree = "<group>";
		};
		BDC7291E2A8BE9240037C7EB /* CollabTestUITests */ = {
			isa = PBXGroup;
			children = (
				BDC7291F2A8BE9240037C7EB /* CollabTestUITests.swift */,
				BDC729212A8BE9240037C7EB /* CollabTestUITestsLaunchTests.swift */,
			);
			path = CollabTestUITests;
			sourceTree = "<group>";
		};
/* End PBXGroup section */

/* Begin PBXNativeTarget section */
		BDC728FF2A8BE9220037C7EB /* CollabTest */ = {
			isa = PBXNativeTarget;
			buildConfigurationList = BDC729252A8BE9240037C7EB /* Build configuration list for PBXNativeTarget "CollabTest" */;
			buildPhases = (
				BDC728FC2A8BE9220037C7EB /* Sources */,
				BDC728FD2A8BE9220037C7EB /* Frameworks */,
				BDC728FE2A8BE9220037C7EB /* Resources */,
			);
			buildRules = (
			);
			dependencies = (
			);
			name = CollabTest;
			productName = CollabTest;
			productReference = BDC729002A8BE9220037C7EB /* CollabTest.app */;
			productType = "com.apple.product-type.application";
		};
		BDC729102A8BE9240037C7EB /* CollabTestTests */ = {
			isa = PBXNativeTarget;
			buildConfigurationList = BDC729282A8BE9240037C7EB /* Build configuration list for PBXNativeTarget "CollabTestTests" */;
			buildPhases = (
				BDC7290D2A8BE9240037C7EB /* Sources */,
				BDC7290E2A8BE9240037C7EB /* Frameworks */,
				BDC7290F2A8BE9240037C7EB /* Resources */,
			);
			buildRules = (
			);
			dependencies = (
				BDC729132A8BE9240037C7EB /* PBXTargetDependency */,
			);
			name = CollabTestTests;
			productName = CollabTestTests;
			productReference = BDC729112A8BE9240037C7EB /* CollabTestTests.xctest */;
			productType = "com.apple.product-type.bundle.unit-test";
		};
		BDC7291A2A8BE9240037C7EB /* CollabTestUITests */ = {
			isa = PBXNativeTarget;
			buildConfigurationList = BDC7292B2A8BE9240037C7EB /* Build configuration list for PBXNativeTarget "CollabTestUITests" */;
			buildPhases = (
				BDC729172A8BE9240037C7EB /* Sources */,
				BDC729182A8BE9240037C7EB /* Frameworks */,
				BDC729192A8BE9240037C7EB /* Resources */,
			);
			buildRules = (
			);
			dependencies = (
				BDC7291D2A8BE9240037C7EB /* PBXTargetDependency */,
			);
			name = CollabTestUITests;
			productName = CollabTestUITests;
			productReference = BDC7291B2A8BE9240037C7EB /* CollabTestUITests.xctest */;
			productType = "com.apple.product-type.bundle.ui-testing";
		};
/* End PBXNativeTarget section */

/* Begin PBXProject section */
		BDC728F82A8BE9220037C7EB /* Project object */ = {
			isa = PBXProject;
			attributes = {
				BuildIndependentTargetsInParallel = 1;
				LastSwiftUpdateCheck = 1430;
				LastUpgradeCheck = 1430;
				TargetAttributes = {
					BDC728FF2A8BE9220037C7EB = {
						CreatedOnToolsVersion = 14.3.1;
					};
					BDC729102A8BE9240037C7EB = {
						CreatedOnToolsVersion = 14.3.1;
						TestTargetID = BDC728FF2A8BE9220037C7EB;
					};
					BDC7291A2A8BE9240037C7EB = {
						CreatedOnToolsVersion = 14.3.1;
						TestTargetID = BDC728FF2A8BE9220037C7EB;
					};
				};
			};
			buildConfigurationList = BDC728FB2A8BE9220037C7EB /* Build configuration list for PBXProject "CollabTest" */;
			compatibilityVersion = "Xcode 14.0";
			developmentRegion = en;
			hasScannedForEncodings = 0;
			knownRegions = (
				en,
				Base,
			);
			mainGroup = BDC728F72A8BE9220037C7EB;
			productRefGroup = BDC729012A8BE9220037C7EB /* Products */;
			projectDirPath = "";
			projectRoot = "";
			targets = (
				BDC728FF2A8BE9220037C7EB /* CollabTest */,
				BDC729102A8BE9240037C7EB /* CollabTestTests */,
				BDC7291A2A8BE9240037C7EB /* CollabTestUITests */,
			);
		};
/* End PBXProject section */

/* Begin PBXResourcesBuildPhase section */
		BDC728FE2A8BE9220037C7EB /* Resources */ = {
			isa = PBXResourcesBuildPhase;
			buildActionMask = 2147483647;
			files = (
				BDC7290C2A8BE9240037C7EB /* Preview Assets.xcassets in Resources */,
				BDC729082A8BE9240037C7EB /* Assets.xcassets in Resources */,
			);
			runOnlyForDeploymentPostprocessing = 0;
		};
		BDC7290F2A8BE9240037C7EB /* Resources */ = {
			isa = PBXResourcesBuildPhase;
			buildActionMask = 2147483647;
			files = (
			);
			runOnlyForDeploymentPostprocessing = 0;
		};
		BDC729192A8BE9240037C7EB /* Resources */ = {
			isa = PBXResourcesBuildPhase;
			buildActionMask = 2147483647;
			files = (
			);
			runOnlyForDeploymentPostprocessing = 0;
		};
/* End PBXResourcesBuildPhase section */

/* Begin PBXSourcesBuildPhase section */
		BDC728FC2A8BE9220037C7EB /* Sources */ = {
			isa = PBXSourcesBuildPhase;
			buildActionMask = 2147483647;
			files = (
				BDC729062A8BE9220037C7EB /* ContentView.swift in Sources */,
				BDC729042A8BE9220037C7EB /* CollabTestApp.swift in Sources */,
			);
			runOnlyForDeploymentPostprocessing = 0;
		};
		BDC7290D2A8BE9240037C7EB /* Sources */ = {
			isa = PBXSourcesBuildPhase;
			buildActionMask = 2147483647;
			files = (
				BDC729162A8BE9240037C7EB /* CollabTestTests.swift in Sources */,
			);
			runOnlyForDeploymentPostprocessing = 0;
		};
		BDC729172A8BE9240037C7EB /* Sources */ = {
			isa = PBXSourcesBuildPhase;
			buildActionMask = 2147483647;
			files = (
				BDC729202A8BE9240037C7EB /* CollabTestUITests.swift in Sources */,
				BDC729222A8BE9240037C7EB /* CollabTestUITestsLaunchTests.swift in Sources */,
			);
			runOnlyForDeploymentPostprocessing = 0;
		};
/* End PBXSourcesBuildPhase section */

/* Begin PBXTargetDependency section */
		BDC729132A8BE9240037C7EB /* PBXTargetDependency */ = {
			isa = PBXTargetDependency;
			target = BDC728FF2A8BE9220037C7EB /* CollabTest */;
			targetProxy = BDC729122A8BE9240037C7EB /* PBXContainerItemProxy */;
		};
		BDC7291D2A8BE9240037C7EB /* PBXTargetDependency */ = {
			isa = PBXTargetDependency;
			target = BDC728FF2A8BE9220037C7EB /* CollabTest */;
			targetProxy = BDC7291C2A8BE9240037C7EB /* PBXContainerItemProxy */;
		};
/* End PBXTargetDependency section */

/* Begin XCBuildConfiguration section */
		BDC729232A8BE9240037C7EB /* Debug */ = {
			isa = XCBuildConfiguration;
			buildSettings = {
				ALWAYS_SEARCH_USER_PATHS = NO;
				CLANG_ANALYZER_NONNULL = YES;
				CLANG_ANALYZER_NUMBER_OBJECT_CONVERSION = YES_AGGRESSIVE;
				CLANG_CXX_LANGUAGE_STANDARD = "gnu++20";
				CLANG_ENABLE_MODULES = YES;
				CLANG_ENABLE_OBJC_ARC = YES;
				CLANG_ENABLE_OBJC_WEAK = YES;
				CLANG_WARN_BLOCK_CAPTURE_AUTORELEASING = YES;
				CLANG_WARN_BOOL_CONVERSION = YES;
				CLANG_WARN_COMMA = YES;
				CLANG_WARN_CONSTANT_CONVERSION = YES;
				CLANG_WARN_DEPRECATED_OBJC_IMPLEMENTATIONS = YES;
				CLANG_WARN_DIRECT_OBJC_ISA_USAGE = YES_ERROR;
				CLANG_WARN_DOCUMENTATION_COMMENTS = YES;
				CLANG_WARN_EMPTY_BODY = YES;
				CLANG_WARN_ENUM_CONVERSION = YES;
				CLANG_WARN_INFINITE_RECURSION = YES;
				CLANG_WARN_INT_CONVERSION = YES;
				CLANG_WARN_NON_LITERAL_NULL_CONVERSION = YES;
				CLANG_WARN_OBJC_IMPLICIT_RETAIN_SELF = YES;
				CLANG_WARN_OBJC_LITERAL_CONVERSION = YES;
				CLANG_WARN_OBJC_ROOT_CLASS = YES_ERROR;
				CLANG_WARN_QUOTED_INCLUDE_IN_FRAMEWORK_HEADER = YES;
				CLANG_WARN_RANGE_LOOP_ANALYSIS = YES;
				CLANG_WARN_STRICT_PROTOTYPES = YES;
				CLANG_WARN_SUSPICIOUS_MOVE = YES;
				CLANG_WARN_UNGUARDED_AVAILABILITY = YES_AGGRESSIVE;
				CLANG_WARN_UNREACHABLE_CODE = YES;
				CLANG_WARN__DUPLICATE_METHOD_MATCH = YES;
				COPY_PHASE_STRIP = NO;
				DEBUG_INFORMATION_FORMAT = dwarf;
				ENABLE_STRICT_OBJC_MSGSEND = YES;
				ENABLE_TESTABILITY = YES;
				GCC_C_LANGUAGE_STANDARD = gnu11;
				GCC_DYNAMIC_NO_PIC = NO;
				GCC_NO_COMMON_BLOCKS = YES;
				GCC_OPTIMIZATION_LEVEL = 0;
				GCC_PREPROCESSOR_DEFINITIONS = (
					"DEBUG=1",
					"$(inherited)",
				);
				GCC_WARN_64_TO_32_BIT_CONVERSION = YES;
				GCC_WARN_ABOUT_RETURN_TYPE = YES_ERROR;
				GCC_WARN_UNDECLARED_SELECTOR = YES;
				GCC_WARN_UNINITIALIZED_AUTOS = YES_AGGRESSIVE;
				GCC_WARN_UNUSED_FUNCTION = YES;
				GCC_WARN_UNUSED_VARIABLE = YES;
				MTL_ENABLE_DEBUG_INFO = INCLUDE_SOURCE;
				MTL_FAST_MATH = YES;
				ONLY_ACTIVE_ARCH = YES;
				SWIFT_ACTIVE_COMPILATION_CONDITIONS = DEBUG;
				SWIFT_OPTIMIZATION_LEVEL = "-Onone";
			};
			name = Debug;
		};
		BDC729242A8BE9240037C7EB /* Release */ = {
			isa = XCBuildConfiguration;
			buildSettings = {
				ALWAYS_SEARCH_USER_PATHS = NO;
				CLANG_ANALYZER_NONNULL = YES;
				CLANG_ANALYZER_NUMBER_OBJECT_CONVERSION = YES_AGGRESSIVE;
				CLANG_CXX_LANGUAGE_STANDARD = "gnu++20";
				CLANG_ENABLE_MODULES = YES;
				CLANG_ENABLE_OBJC_ARC = YES;
				CLANG_ENABLE_OBJC_WEAK = YES;
				CLANG_WARN_BLOCK_CAPTURE_AUTORELEASING = YES;
				CLANG_WARN_BOOL_CONVERSION = YES;
				CLANG_WARN_COMMA = YES;
				CLANG_WARN_CONSTANT_CONVERSION = YES;
				CLANG_WARN_DEPRECATED_OBJC_IMPLEMENTATIONS = YES;
				CLANG_WARN_DIRECT_OBJC_ISA_USAGE = YES_ERROR;
				CLANG_WARN_DOCUMENTATION_COMMENTS = YES;
				CLANG_WARN_EMPTY_BODY = YES;
				CLANG_WARN_ENUM_CONVERSION = YES;
				CLANG_WARN_INFINITE_RECURSION = YES;
				CLANG_WARN_INT_CONVERSION = YES;
				CLANG_WARN_NON_LITERAL_NULL_CONVERSION = YES;
				CLANG_WARN_OBJC_IMPLICIT_RETAIN_SELF = YES;
				CLANG_WARN_OBJC_LITERAL_CONVERSION = YES;
				CLANG_WARN_OBJC_ROOT_CLASS = YES_ERROR;
				CLANG_WARN_QUOTED_INCLUDE_IN_FRAMEWORK_HEADER = YES;
				CLANG_WARN_RANGE_LOOP_ANALYSIS = YES;
				CLANG_WARN_STRICT_PROTOTYPES = YES;
				CLANG_WARN_SUSPICIOUS_MOVE = YES;
				CLANG_WARN_UNGUARDED_AVAILABILITY = YES_AGGRESSIVE;
				CLANG_WARN_UNREACHABLE_CODE = YES;
				CLANG_WARN__DUPLICATE_METHOD_MATCH = YES;
				COPY_PHASE_STRIP = NO;
				DEBUG_INFORMATION_FORMAT = "dwarf-with-dsym";
				ENABLE_NS_ASSERTIONS = NO;
				ENABLE_STRICT_OBJC_MSGSEND = YES;
				GCC_C_LANGUAGE_STANDARD = gnu11;
				GCC_NO_COMMON_BLOCKS = YES;
				GCC_WARN_64_TO_32_BIT_CONVERSION = YES;
				GCC_WARN_ABOUT_RETURN_TYPE = YES_ERROR;
				GCC_WARN_UNDECLARED_SELECTOR = YES;
				GCC_WARN_UNINITIALIZED_AUTOS = YES_AGGRESSIVE;
				GCC_WARN_UNUSED_FUNCTION = YES;
				GCC_WARN_UNUSED_VARIABLE = YES;
				MTL_ENABLE_DEBUG_INFO = NO;
				MTL_FAST_MATH = YES;
				SWIFT_COMPILATION_MODE = wholemodule;
				SWIFT_OPTIMIZATION_LEVEL = "-O";
			};
			name = Release;
		};
		BDC729262A8BE9240037C7EB /* Debug */ = {
			isa = XCBuildConfiguration;
			buildSettings = {
				ASSETCATALOG_COMPILER_APPICON_NAME = AppIcon;
				ASSETCATALOG_COMPILER_GLOBAL_ACCENT_COLOR_NAME = AccentColor;
				CODE_SIGN_ENTITLEMENTS = CollabTest/CollabTest.entitlements;
				CODE_SIGN_STYLE = Automatic;
				CURRENT_PROJECT_VERSION = 1;
				DEVELOPMENT_ASSET_PATHS = "\"CollabTest/Preview Content\"";
				ENABLE_PREVIEWS = YES;
				GENERATE_INFOPLIST_FILE = YES;
				"INFOPLIST_KEY_UIApplicationSceneManifest_Generation[sdk=iphoneos*]" = YES;
				"INFOPLIST_KEY_UIApplicationSceneManifest_Generation[sdk=iphonesimulator*]" = YES;
				"INFOPLIST_KEY_UIApplicationSupportsIndirectInputEvents[sdk=iphoneos*]" = YES;
				"INFOPLIST_KEY_UIApplicationSupportsIndirectInputEvents[sdk=iphonesimulator*]" = YES;
				"INFOPLIST_KEY_UILaunchScreen_Generation[sdk=iphoneos*]" = YES;
				"INFOPLIST_KEY_UILaunchScreen_Generation[sdk=iphonesimulator*]" = YES;
				"INFOPLIST_KEY_UIStatusBarStyle[sdk=iphoneos*]" = UIStatusBarStyleDefault;
				"INFOPLIST_KEY_UIStatusBarStyle[sdk=iphonesimulator*]" = UIStatusBarStyleDefault;
				INFOPLIST_KEY_UISupportedInterfaceOrientations_iPad = "UIInterfaceOrientationPortrait UIInterfaceOrientationPortraitUpsideDown UIInterfaceOrientationLandscapeLeft UIInterfaceOrientationLandscapeRight";
				INFOPLIST_KEY_UISupportedInterfaceOrientations_iPhone = "UIInterfaceOrientationPortrait UIInterfaceOrientationLandscapeLeft UIInterfaceOrientationLandscapeRight";
				IPHONEOS_DEPLOYMENT_TARGET = 16.4;
				LD_RUNPATH_SEARCH_PATHS = "@executable_path/Frameworks";
				"LD_RUNPATH_SEARCH_PATHS[sdk=macosx*]" = "@executable_path/../Frameworks";
				MACOSX_DEPLOYMENT_TARGET = 13.3;
				MARKETING_VERSION = 1.0;
				PRODUCT_BUNDLE_IDENTIFIER = kwk.CollabTest;
				PRODUCT_NAME = "$(TARGET_NAME)";
				SDKROOT = auto;
				SUPPORTED_PLATFORMS = "iphoneos iphonesimulator macosx";
				SWIFT_EMIT_LOC_STRINGS = YES;
				SWIFT_VERSION = 5.0;
				TARGETED_DEVICE_FAMILY = "1,2";
			};
			name = Debug;
		};
		BDC729272A8BE9240037C7EB /* Release */ = {
			isa = XCBuildConfiguration;
			buildSettings = {
				ASSETCATALOG_COMPILER_APPICON_NAME = AppIcon;
				ASSETCATALOG_COMPILER_GLOBAL_ACCENT_COLOR_NAME = AccentColor;
				CODE_SIGN_ENTITLEMENTS = CollabTest/CollabTest.entitlements;
				CODE_SIGN_STYLE = Automatic;
				CURRENT_PROJECT_VERSION = 1;
				DEVELOPMENT_ASSET_PATHS = "\"CollabTest/Preview Content\"";
				ENABLE_PREVIEWS = YES;
				GENERATE_INFOPLIST_FILE = YES;
				"INFOPLIST_KEY_UIApplicationSceneManifest_Generation[sdk=iphoneos*]" = YES;
				"INFOPLIST_KEY_UIApplicationSceneManifest_Generation[sdk=iphonesimulator*]" = YES;
				"INFOPLIST_KEY_UIApplicationSupportsIndirectInputEvents[sdk=iphoneos*]" = YES;
				"INFOPLIST_KEY_UIApplicationSupportsIndirectInputEvents[sdk=iphonesimulator*]" = YES;
				"INFOPLIST_KEY_UILaunchScreen_Generation[sdk=iphoneos*]" = YES;
				"INFOPLIST_KEY_UILaunchScreen_Generation[sdk=iphonesimulator*]" = YES;
				"INFOPLIST_KEY_UIStatusBarStyle[sdk=iphoneos*]" = UIStatusBarStyleDefault;
				"INFOPLIST_KEY_UIStatusBarStyle[sdk=iphonesimulator*]" = UIStatusBarStyleDefault;
				INFOPLIST_KEY_UISupportedInterfaceOrientations_iPad = "UIInterfaceOrientationPortrait UIInterfaceOrientationPortraitUpsideDown UIInterfaceOrientationLandscapeLeft UIInterfaceOrientationLandscapeRight";
				INFOPLIST_KEY_UISupportedInterfaceOrientations_iPhone = "UIInterfaceOrientationPortrait UIInterfaceOrientationLandscapeLeft UIInterfaceOrientationLandscapeRight";
				IPHONEOS_DEPLOYMENT_TARGET = 16.4;
				LD_RUNPATH_SEARCH_PATHS = "@executable_path/Frameworks";
				"LD_RUNPATH_SEARCH_PATHS[sdk=macosx*]" = "@executable_path/../Frameworks";
				MACOSX_DEPLOYMENT_TARGET = 13.3;
				MARKETING_VERSION = 1.0;
				PRODUCT_BUNDLE_IDENTIFIER = kwk.CollabTest;
				PRODUCT_NAME = "$(TARGET_NAME)";
				SDKROOT = auto;
				SUPPORTED_PLATFORMS = "iphoneos iphonesimulator macosx";
				SWIFT_EMIT_LOC_STRINGS = YES;
				SWIFT_VERSION = 5.0;
				TARGETED_DEVICE_FAMILY = "1,2";
			};
			name = Release;
		};
		BDC729292A8BE9240037C7EB /* Debug */ = {
			isa = XCBuildConfiguration;
			buildSettings = {
				ALWAYS_EMBED_SWIFT_STANDARD_LIBRARIES = YES;
				BUNDLE_LOADER = "$(TEST_HOST)";
				CODE_SIGN_STYLE = Automatic;
				CURRENT_PROJECT_VERSION = 1;
				GENERATE_INFOPLIST_FILE = YES;
				IPHONEOS_DEPLOYMENT_TARGET = 16.4;
				MACOSX_DEPLOYMENT_TARGET = 13.3;
				MARKETING_VERSION = 1.0;
				PRODUCT_BUNDLE_IDENTIFIER = kwk.CollabTestTests;
				PRODUCT_NAME = "$(TARGET_NAME)";
				SDKROOT = auto;
				SUPPORTED_PLATFORMS = "iphoneos iphonesimulator macosx";
				SWIFT_EMIT_LOC_STRINGS = NO;
				SWIFT_VERSION = 5.0;
				TARGETED_DEVICE_FAMILY = "1,2";
				TEST_HOST = "$(BUILT_PRODUCTS_DIR)/CollabTest.app/$(BUNDLE_EXECUTABLE_FOLDER_PATH)/CollabTest";
			};
			name = Debug;
		};
		BDC7292A2A8BE9240037C7EB /* Release */ = {
			isa = XCBuildConfiguration;
			buildSettings = {
				ALWAYS_EMBED_SWIFT_STANDARD_LIBRARIES = YES;
				BUNDLE_LOADER = "$(TEST_HOST)";
				CODE_SIGN_STYLE = Automatic;
				CURRENT_PROJECT_VERSION = 1;
				GENERATE_INFOPLIST_FILE = YES;
				IPHONEOS_DEPLOYMENT_TARGET = 16.4;
				MACOSX_DEPLOYMENT_TARGET = 13.3;
				MARKETING_VERSION = 1.0;
				PRODUCT_BUNDLE_IDENTIFIER = kwk.CollabTestTests;
				PRODUCT_NAME = "$(TARGET_NAME)";
				SDKROOT = auto;
				SUPPORTED_PLATFORMS = "iphoneos iphonesimulator macosx";
				SWIFT_EMIT_LOC_STRINGS = NO;
				SWIFT_VERSION = 5.0;
				TARGETED_DEVICE_FAMILY = "1,2";
				TEST_HOST = "$(BUILT_PRODUCTS_DIR)/CollabTest.app/$(BUNDLE_EXECUTABLE_FOLDER_PATH)/CollabTest";
			};
			name = Release;
		};
		BDC7292C2A8BE9240037C7EB /* Debug */ = {
			isa = XCBuildConfiguration;
			buildSettings = {
				ALWAYS_EMBED_SWIFT_STANDARD_LIBRARIES = YES;
				CODE_SIGN_STYLE = Automatic;
				CURRENT_PROJECT_VERSION = 1;
				GENERATE_INFOPLIST_FILE = YES;
				IPHONEOS_DEPLOYMENT_TARGET = 16.4;
				MACOSX_DEPLOYMENT_TARGET = 13.3;
				MARKETING_VERSION = 1.0;
				PRODUCT_BUNDLE_IDENTIFIER = kwk.CollabTestUITests;
				PRODUCT_NAME = "$(TARGET_NAME)";
				SDKROOT = auto;
				SUPPORTED_PLATFORMS = "iphoneos iphonesimulator macosx";
				SWIFT_EMIT_LOC_STRINGS = NO;
				SWIFT_VERSION = 5.0;
				TARGETED_DEVICE_FAMILY = "1,2";
				TEST_TARGET_NAME = CollabTest;
			};
			name = Debug;
		};
		BDC7292D2A8BE9240037C7EB /* Release */ = {
			isa = XCBuildConfiguration;
			buildSettings = {
				ALWAYS_EMBED_SWIFT_STANDARD_LIBRARIES = YES;
				CODE_SIGN_STYLE = Automatic;
				CURRENT_PROJECT_VERSION = 1;
				GENERATE_INFOPLIST_FILE = YES;
				IPHONEOS_DEPLOYMENT_TARGET = 16.4;
				MACOSX_DEPLOYMENT_TARGET = 13.3;
				MARKETING_VERSION = 1.0;
				PRODUCT_BUNDLE_IDENTIFIER = kwk.CollabTestUITests;
				PRODUCT_NAME = "$(TARGET_NAME)";
				SDKROOT = auto;
				SUPPORTED_PLATFORMS = "iphoneos iphonesimulator macosx";
				SWIFT_EMIT_LOC_STRINGS = NO;
				SWIFT_VERSION = 5.0;
				TARGETED_DEVICE_FAMILY = "1,2";
				TEST_TARGET_NAME = CollabTest;
			};
			name = Release;
		};
/* End XCBuildConfiguration section */

/* Begin XCConfigurationList section */
		BDC728FB2A8BE9220037C7EB /* Build configuration list for PBXProject "CollabTest" */ = {
			isa = XCConfigurationList;
			buildConfigurations = (
				BDC729232A8BE9240037C7EB /* Debug */,
				BDC729242A8BE9240037C7EB /* Release */,
			);
			defaultConfigurationIsVisible = 0;
			defaultConfigurationName = Release;
		};
		BDC729252A8BE9240037C7EB /* Build configuration list for PBXNativeTarget "CollabTest" */ = {
			isa = XCConfigurationList;
			buildConfigurations = (
				BDC729262A8BE9240037C7EB /* Debug */,
				BDC729272A8BE9240037C7EB /* Release */,
			);
			defaultConfigurationIsVisible = 0;
			defaultConfigurationName = Release;
		};
		BDC729282A8BE9240037C7EB /* Build configuration list for PBXNativeTarget "CollabTestTests" */ = {
			isa = XCConfigurationList;
			buildConfigurations = (
				BDC729292A8BE9240037C7EB /* Debug */,
				BDC7292A2A8BE9240037C7EB /* Release */,
			);
			defaultConfigurationIsVisible = 0;
			defaultConfigurationName = Release;
		};
		BDC7292B2A8BE9240037C7EB /* Build configuration list for PBXNativeTarget "CollabTestUITests" */ = {
			isa = XCConfigurationList;
			buildConfigurations = (
				BDC7292C2A8BE9240037C7EB /* Debug */,
				BDC7292D2A8BE9240037C7EB /* Release */,
			);
			defaultConfigurationIsVisible = 0;
			defaultConfigurationName = Release;
		};
/* End XCConfigurationList section */
	};
	rootObject = BDC728F82A8BE9220037C7EB /* Project object */;
}
